<?xml version="1.0" encoding="utf-8"?>
<Project ToolsVersion="4.0" xmlns="http://schemas.microsoft.com/developer/msbuild/2003">
  <ItemGroup>
    <Filter Include="Source Files">
      <UniqueIdentifier>{4FC737F1-C7A5-4376-A066-2A32D752A2FF}</UniqueIdentifier>
      <Extensions>cpp;c;cc;cxx;def;odl;idl;hpj;bat;asm;asmx</Extensions>
    </Filter>
    <Filter Include="Header Files">
      <UniqueIdentifier>{93995380-89BD-4b04-88EB-625FBE52EBFB}</UniqueIdentifier>
      <Extensions>h;hh;hpp;hxx;hm;inl;inc;ipp;xsd</Extensions>
    </Filter>
  </ItemGroup>
  <ItemGroup>
    <ClCompile Include="Code\Main.cpp">
      <Filter>Source Files</Filter>
    </ClCompile>
    <ClCompile Include="Code\Stdafx.cpp">
      <Filter>Source Files</Filter>
    </ClCompile>
    <ClCompile Include="Code\Level.cpp">
      <Filter>Source Files</Filter>
    </ClCompile>
    <ClCompile Include="Code\Player.cpp">
      <Filter>Source Files</Filter>
    </ClCompile>
    <ClCompile Include="Code\Room.cpp">
      <Filter>Source Files</Filter>
    </ClCompile>
    <ClCompile Include="Code\Entity.cpp">
      <Filter>Source Files</Filter>
    </ClCompile>
    <ClCompile Include="Code\Assets.cpp">
      <Filter>Source Files</Filter>
    </ClCompile>
    <ClCompile Include="Code\Tiles.cpp">
      <Filter>Source Files</Filter>
    </ClCompile>
    <ClCompile Include="Code\Collision.cpp">
      <Filter>Source Files</Filter>
    </ClCompile>
    <ClCompile Include="Code\Chest.cpp">
      <Filter>Source Files</Filter>
    </ClCompile>
    <ClCompile Include="Code\LevelGenerator.cpp">
      <Filter>Source Files</Filter>
    </ClCompile>
    <ClCompile Include="Code\Renderer.cpp">
      <Filter>Source Files</Filter>
    </ClCompile>
    <ClCompile Include="Code\HealthBar.cpp">
      <Filter>Source Files</Filter>
    </ClCompile>
    <ClCompile Include="Code\Inventory.cpp">
      <Filter>Source Files</Filter>
    </ClCompile>
    <ClCompile Include="Code\Enemies.cpp">
      <Filter>Source Files</Filter>
    </ClCompile>
    <ClCompile Include="Code\Pathfinding.cpp">
      <Filter>Source Files</Filter>
    </ClCompile>
    <ClCompile Include="Code\Projectiles.cpp">
      <Filter>Source Files</Filter>
    </ClCompile>
  </ItemGroup>
  <ItemGroup>
    <ClInclude Include="Code\Stdafx.h">
      <Filter>Header Files</Filter>
    </ClInclude>
    <ClInclude Include="Code\Player.h">
      <Filter>Header Files</Filter>
    </ClInclude>
    <ClInclude Include="Code\Level.h">
      <Filter>Header Files</Filter>
    </ClInclude>
    <ClInclude Include="Code\Room.h">
      <Filter>Header Files</Filter>
    </ClInclude>
    <ClInclude Include="Code\Entity.h">
      <Filter>Header Files</Filter>
    </ClInclude>
    <ClInclude Include="Code\Assets.h">
      <Filter>Header Files</Filter>
    </ClInclude>
    <ClInclude Include="Code\Generator.h">
      <Filter>Header Files</Filter>
    </ClInclude>
    <ClInclude Include="Code\Utils.h">
      <Filter>Header Files</Filter>
    </ClInclude>
    <ClInclude Include="Code\Tiles.h">
      <Filter>Header Files</Filter>
    </ClInclude>
    <ClInclude Include="Code\Globals.h">
      <Filter>Header Files</Filter>
    </ClInclude>
    <ClInclude Include="Code\Collision.h">
      <Filter>Header Files</Filter>
    </ClInclude>
    <ClInclude Include="Code\Chest.h">
      <Filter>Header Files</Filter>
    </ClInclude>
    <ClInclude Include="Code\Renderer.h">
      <Filter>Header Files</Filter>
    </ClInclude>
    <ClInclude Include="Code\HealthBar.h">
      <Filter>Header Files</Filter>
    </ClInclude>
    <ClInclude Include="Code\Items.h">
      <Filter>Header Files</Filter>
    </ClInclude>
    <ClInclude Include="Code\Inventory.h">
      <Filter>Header Files</Filter>
    </ClInclude>
    <ClInclude Include="Code\Enemies.h">
      <Filter>Header Files</Filter>
    </ClInclude>
    <ClInclude Include="Code\Pathfinding.h">
      <Filter>Header Files</Filter>
    </ClInclude>
    <ClInclude Include="Code\Projectiles.h">
      <Filter>Header Files</Filter>
    </ClInclude>
  </ItemGroup>
</Project>